
Microsoft Visual Studio Solution File, Format Version 12.00
# Visual Studio Version 17
VisualStudioVersion = 17.11.35222.181
MinimumVisualStudioVersion = 10.0.40219.1
Project("{9A19103F-16F7-4668-BE54-9A1E7A4F7556}") = "Bumbo.App.Web", "Bumbo.App.Web\Bumbo.App.Web.csproj", "{FB30F333-73DB-47B6-B454-F396FF0E5EB4}"
EndProject
Project("{9A19103F-16F7-4668-BE54-9A1E7A4F7556}") = "Bumbo.Data", "Bumbo.Data\Bumbo.Data.csproj", "{C9065521-D0D0-4D3F-8CAE-0BA5BC103B24}"
EndProject
Project("{FAE04EC0-301F-11D3-BF4B-00C04F79EFBC}") = "Bumbo.Domain", "Bumbo.Domain\Bumbo.Domain.csproj", "{C98051E3-073E-4EA8-8AFB-473686FE8DE0}"
EndProject
Project("{FAE04EC0-301F-11D3-BF4B-00C04F79EFBC}") = "Bumbo.UnitTests", "Bumbo.UnitTests\Bumbo.UnitTests.csproj", "{7E71EAA8-DDAF-42BA-9F41-5EEE3F5E7329}"
EndProject
Global
	GlobalSection(SolutionConfigurationPlatforms) = preSolution
		Debug|Any CPU = Debug|Any CPU
		Release|Any CPU = Release|Any CPU
	EndGlobalSection
	GlobalSection(ProjectConfigurationPlatforms) = postSolution
		{FB30F333-73DB-47B6-B454-F396FF0E5EB4}.Debug|Any CPU.ActiveCfg = Debug|Any CPU
		{FB30F333-73DB-47B6-B454-F396FF0E5EB4}.Debug|Any CPU.Build.0 = Debug|Any CPU
		{FB30F333-73DB-47B6-B454-F396FF0E5EB4}.Release|Any CPU.ActiveCfg = Release|Any CPU
		{FB30F333-73DB-47B6-B454-F396FF0E5EB4}.Release|Any CPU.Build.0 = Release|Any CPU
		{C9065521-D0D0-4D3F-8CAE-0BA5BC103B24}.Debug|Any CPU.ActiveCfg = Debug|Any CPU
		{C9065521-D0D0-4D3F-8CAE-0BA5BC103B24}.Debug|Any CPU.Build.0 = Debug|Any CPU
		{C9065521-D0D0-4D3F-8CAE-0BA5BC103B24}.Release|Any CPU.ActiveCfg = Release|Any CPU
		{C9065521-D0D0-4D3F-8CAE-0BA5BC103B24}.Release|Any CPU.Build.0 = Release|Any CPU
		{C98051E3-073E-4EA8-8AFB-473686FE8DE0}.Debug|Any CPU.ActiveCfg = Debug|Any CPU
		{C98051E3-073E-4EA8-8AFB-473686FE8DE0}.Debug|Any CPU.Build.0 = Debug|Any CPU
		{C98051E3-073E-4EA8-8AFB-473686FE8DE0}.Release|Any CPU.ActiveCfg = Release|Any CPU
		{C98051E3-073E-4EA8-8AFB-473686FE8DE0}.Release|Any CPU.Build.0 = Release|Any CPU
		{7E71EAA8-DDAF-42BA-9F41-5EEE3F5E7329}.Debug|Any CPU.ActiveCfg = Debug|Any CPU
		{7E71EAA8-DDAF-42BA-9F41-5EEE3F5E7329}.Debug|Any CPU.Build.0 = Debug|Any CPU
		{7E71EAA8-DDAF-42BA-9F41-5EEE3F5E7329}.Release|Any CPU.ActiveCfg = Release|Any CPU
		{7E71EAA8-DDAF-42BA-9F41-5EEE3F5E7329}.Release|Any CPU.Build.0 = Release|Any CPU
	EndGlobalSection
	GlobalSection(SolutionProperties) = preSolution
		HideSolutionNode = FALSE
	EndGlobalSection
	GlobalSection(ExtensibilityGlobals) = postSolution
		SolutionGuid = {7BD515F5-7FA7-4C29-A5F8-773D462A7F62}
	EndGlobalSection
EndGlobal
